<?xml version="1.0" encoding="utf-8"?>
<Project ToolsVersion="4.0" xmlns="http://schemas.microsoft.com/developer/msbuild/2003">
  <ItemGroup>
    <Filter Include="Source Files">
      <UniqueIdentifier>{ed385492-db6c-4136-8b22-15faafeca115}</UniqueIdentifier>
      <Extensions>.c</Extensions>
    </Filter>
    <Filter Include="Source Files\atomic">
      <UniqueIdentifier>{a6ca24a2-8b92-4578-a36b-4a097bc89e7a}</UniqueIdentifier>
    </Filter>
    <Filter Include="Source Files\buckets">
      <UniqueIdentifier>{ec91f1e1-eb85-4482-a156-6b0f23307f45}</UniqueIdentifier>
    </Filter>
    <Filter Include="Source Files\crypto">
      <UniqueIdentifier>{ea613757-cde8-4fd7-9c74-d0f3e658aaa6}</UniqueIdentifier>
    </Filter>
    <Filter Include="Source Files\dbd">
      <UniqueIdentifier>{3c43ca61-dc42-478c-8fb4-cacae3605b59}</UniqueIdentifier>
    </Filter>
    <Filter Include="Source Files\dbm">
      <UniqueIdentifier>{6a180f5d-fcf0-4cda-a23b-a95fb8106010}</UniqueIdentifier>
    </Filter>
    <Filter Include="Source Files\dso">
      <UniqueIdentifier>{b835b466-4bfb-404b-a654-af2720769f5f}</UniqueIdentifier>
    </Filter>
    <Filter Include="Source Files\encoding">
      <UniqueIdentifier>{064a52c0-d1ac-4c85-8f8c-65b2a102d4de}</UniqueIdentifier>
    </Filter>
    <Filter Include="Source Files\file_io">
      <UniqueIdentifier>{55770cee-4376-4239-af4f-ddfe7a39e3ba}</UniqueIdentifier>
    </Filter>
    <Filter Include="Source Files\hooks">
      <UniqueIdentifier>{9dfb71a0-f7c0-42a8-af4b-4a4aab03aaea}</UniqueIdentifier>
    </Filter>
    <Filter Include="Source Files\locks">
      <UniqueIdentifier>{a39b9aea-b96c-41c7-b519-a9cffcf576f5}</UniqueIdentifier>
    </Filter>
    <Filter Include="Source Files\memcache">
      <UniqueIdentifier>{8a29d690-b6e3-4838-a2f4-5b602b487b3b}</UniqueIdentifier>
    </Filter>
    <Filter Include="Source Files\memory">
      <UniqueIdentifier>{23893b09-92fc-4e08-b0ce-31f787a21d21}</UniqueIdentifier>
    </Filter>
    <Filter Include="Source Files\misc">
      <UniqueIdentifier>{a7a325db-5368-4d70-9090-bdabbdc439f3}</UniqueIdentifier>
    </Filter>
    <Filter Include="Source Files\mmap">
      <UniqueIdentifier>{b342f52f-c497-4510-9376-7f1c1874cd3a}</UniqueIdentifier>
    </Filter>
    <Filter Include="Source Files\network_io">
      <UniqueIdentifier>{ec998e7d-a94d-41f1-8870-04c77e9e6659}</UniqueIdentifier>
    </Filter>
    <Filter Include="Source Files\passwd">
      <UniqueIdentifier>{7a1897bc-1393-4859-8ecf-90149796220d}</UniqueIdentifier>
    </Filter>
    <Filter Include="Source Files\poll">
      <UniqueIdentifier>{49de096c-a5e0-40db-9166-668b0463845e}</UniqueIdentifier>
    </Filter>
    <Filter Include="Source Files\random">
      <UniqueIdentifier>{8f714e43-4489-4736-a51b-291eec43018c}</UniqueIdentifier>
    </Filter>
    <Filter Include="Source Files\sdbm">
      <UniqueIdentifier>{e44cd700-52da-46e6-9470-458c3f23be45}</UniqueIdentifier>
    </Filter>
    <Filter Include="Source Files\shmem">
      <UniqueIdentifier>{28956668-47d1-483f-af75-5ca142a86e2a}</UniqueIdentifier>
    </Filter>
    <Filter Include="Source Files\strings">
      <UniqueIdentifier>{b5183cea-131d-43f5-b21f-7bcf0593b1d4}</UniqueIdentifier>
    </Filter>
    <Filter Include="Source Files\strmatch">
      <UniqueIdentifier>{2a9819d6-203b-4af8-8779-e07f8add9ebf}</UniqueIdentifier>
    </Filter>
    <Filter Include="Source Files\tables">
      <UniqueIdentifier>{5dc4a5f3-0ca6-40d3-88fb-215f9da05cb7}</UniqueIdentifier>
    </Filter>
    <Filter Include="Source Files\threadproc">
      <UniqueIdentifier>{525c5bb6-46b1-485d-8080-4612e9debcfc}</UniqueIdentifier>
    </Filter>
    <Filter Include="Source Files\time">
      <UniqueIdentifier>{86611503-3728-4c5f-a352-96f2a9da48e4}</UniqueIdentifier>
    </Filter>
    <Filter Include="Source Files\uri">
      <UniqueIdentifier>{6ae5c4e6-6c96-4ed9-943b-a4ea055b6523}</UniqueIdentifier>
    </Filter>
    <Filter Include="Source Files\user">
      <UniqueIdentifier>{baab3b5a-1a93-49c9-8a3f-5b12757e2749}</UniqueIdentifier>
    </Filter>
    <Filter Include="Source Files\util-misc">
      <UniqueIdentifier>{5b2a96bb-4f89-4726-aade-ab97c81c6e36}</UniqueIdentifier>
    </Filter>
    <Filter Include="Source Files\xlate">
      <UniqueIdentifier>{a42c00fe-e631-4a3e-8d96-07d29656df28}</UniqueIdentifier>
    </Filter>
    <Filter Include="Source Files\xml">
      <UniqueIdentifier>{7634dec2-8db6-498c-9fdc-6a4251abe70a}</UniqueIdentifier>
    </Filter>
    <Filter Include="Private Header Files">
      <UniqueIdentifier>{78cbc981-948e-45fa-86e6-b7199b720bee}</UniqueIdentifier>
    </Filter>
    <Filter Include="Public Header Files">
      <UniqueIdentifier>{e943be20-4ad7-4da4-9622-1f76e41ef5a3}</UniqueIdentifier>
    </Filter>
  </ItemGroup>
  <ItemGroup>
    <ClCompile Include="atomic\win32\apr_atomic.c">
      <Filter>Source Files\atomic</Filter>
    </ClCompile>
    <ClCompile Include="buckets\apr_brigade.c">
      <Filter>Source Files\buckets</Filter>
    </ClCompile>
    <ClCompile Include="buckets\apr_buckets.c">
      <Filter>Source Files\buckets</Filter>
    </ClCompile>
    <ClCompile Include="buckets\apr_buckets_alloc.c">
      <Filter>Source Files\buckets</Filter>
    </ClCompile>
    <ClCompile Include="buckets\apr_buckets_eos.c">
      <Filter>Source Files\buckets</Filter>
    </ClCompile>
    <ClCompile Include="buckets\apr_buckets_file.c">
      <Filter>Source Files\buckets</Filter>
    </ClCompile>
    <ClCompile Include="buckets\apr_buckets_flush.c">
      <Filter>Source Files\buckets</Filter>
    </ClCompile>
    <ClCompile Include="buckets\apr_buckets_heap.c">
      <Filter>Source Files\buckets</Filter>
    </ClCompile>
    <ClCompile Include="buckets\apr_buckets_mmap.c">
      <Filter>Source Files\buckets</Filter>
    </ClCompile>
    <ClCompile Include="buckets\apr_buckets_pipe.c">
      <Filter>Source Files\buckets</Filter>
    </ClCompile>
    <ClCompile Include="buckets\apr_buckets_pool.c">
      <Filter>Source Files\buckets</Filter>
    </ClCompile>
    <ClCompile Include="buckets\apr_buckets_refcount.c">
      <Filter>Source Files\buckets</Filter>
    </ClCompile>
    <ClCompile Include="buckets\apr_buckets_simple.c">
      <Filter>Source Files\buckets</Filter>
    </ClCompile>
    <ClCompile Include="buckets\apr_buckets_socket.c">
      <Filter>Source Files\buckets</Filter>
    </ClCompile>
    <ClCompile Include="crypto\apr_md4.c">
      <Filter>Source Files\crypto</Filter>
    </ClCompile>
    <ClCompile Include="crypto\apr_md5.c">
      <Filter>Source Files\crypto</Filter>
    </ClCompile>
    <ClCompile Include="crypto\apr_sha1.c">
      <Filter>Source Files\crypto</Filter>
    </ClCompile>
    <ClCompile Include="crypto\getuuid.c">
      <Filter>Source Files\crypto</Filter>
    </ClCompile>
    <ClCompile Include="crypto\uuid.c">
      <Filter>Source Files\crypto</Filter>
    </ClCompile>
    <ClCompile Include="dbd\apr_dbd.c">
      <Filter>Source Files\dbd</Filter>
    </ClCompile>
    <ClCompile Include="dbd\apr_dbd_freetds.c">
      <Filter>Source Files\dbd</Filter>
    </ClCompile>
    <ClCompile Include="dbd\apr_dbd_mysql.c">
      <Filter>Source Files\dbd</Filter>
    </ClCompile>
    <ClCompile Include="dbd\apr_dbd_odbc.c">
      <Filter>Source Files\dbd</Filter>
    </ClCompile>
    <ClCompile Include="dbd\apr_dbd_oracle.c">
      <Filter>Source Files\dbd</Filter>
    </ClCompile>
    <ClCompile Include="dbd\apr_dbd_pgsql.c">
      <Filter>Source Files\dbd</Filter>
    </ClCompile>
    <ClCompile Include="dbd\apr_dbd_sqlite2.c">
      <Filter>Source Files\dbd</Filter>
    </ClCompile>
    <ClCompile Include="dbd\apr_dbd_sqlite3.c">
      <Filter>Source Files\dbd</Filter>
    </ClCompile>
    <ClCompile Include="dbm\apr_dbm.c">
      <Filter>Source Files\dbm</Filter>
    </ClCompile>
    <ClCompile Include="dbm\apr_dbm_berkeleydb.c">
      <Filter>Source Files\dbm</Filter>
    </ClCompile>
    <ClCompile Include="dbm\apr_dbm_gdbm.c">
      <Filter>Source Files\dbm</Filter>
    </ClCompile>
    <ClCompile Include="dbm\apr_dbm_sdbm.c">
      <Filter>Source Files\dbm</Filter>
    </ClCompile>
    <ClCompile Include="dso\win32\dso.c">
      <Filter>Source Files\dso</Filter>
    </ClCompile>
    <ClCompile Include="encoding\apr_base64.c">
      <Filter>Source Files\encoding</Filter>
    </ClCompile>
    <ClCompile Include="file_io\win32\buffer.c">
      <Filter>Source Files\file_io</Filter>
    </ClCompile>
    <ClCompile Include="file_io\unix\copy.c">
      <Filter>Source Files\file_io</Filter>
    </ClCompile>
    <ClCompile Include="file_io\win32\dir.c">
      <Filter>Source Files\file_io</Filter>
    </ClCompile>
    <ClCompile Include="file_io\unix\fileacc.c">
      <Filter>Source Files\file_io</Filter>
    </ClCompile>
    <ClCompile Include="file_io\win32\filedup.c">
      <Filter>Source Files\file_io</Filter>
    </ClCompile>
    <ClCompile Include="file_io\win32\filepath.c">
      <Filter>Source Files\file_io</Filter>
    </ClCompile>
    <ClCompile Include="file_io\unix\filepath_util.c">
      <Filter>Source Files\file_io</Filter>
    </ClCompile>
    <ClCompile Include="file_io\win32\filestat.c">
      <Filter>Source Files\file_io</Filter>
    </ClCompile>
    <ClCompile Include="file_io\win32\filesys.c">
      <Filter>Source Files\file_io</Filter>
    </ClCompile>
    <ClCompile Include="file_io\win32\flock.c">
      <Filter>Source Files\file_io</Filter>
    </ClCompile>
    <ClCompile Include="file_io\unix\fullrw.c">
      <Filter>Source Files\file_io</Filter>
    </ClCompile>
    <ClCompile Include="file_io\unix\mktemp.c">
      <Filter>Source Files\file_io</Filter>
    </ClCompile>
    <ClCompile Include="file_io\win32\open.c">
      <Filter>Source Files\file_io</Filter>
    </ClCompile>
    <ClCompile Include="file_io\win32\pipe.c">
      <Filter>Source Files\file_io</Filter>
    </ClCompile>
    <ClCompile Include="file_io\win32\readwrite.c">
      <Filter>Source Files\file_io</Filter>
    </ClCompile>
    <ClCompile Include="file_io\win32\seek.c">
      <Filter>Source Files\file_io</Filter>
    </ClCompile>
    <ClCompile Include="file_io\unix\tempdir.c">
      <Filter>Source Files\file_io</Filter>
    </ClCompile>
    <ClCompile Include="hooks\apr_hooks.c">
      <Filter>Source Files\hooks</Filter>
    </ClCompile>
    <ClCompile Include="locks\win32\proc_mutex.c">
      <Filter>Source Files\locks</Filter>
    </ClCompile>
    <ClCompile Include="locks\win32\thread_cond.c">
      <Filter>Source Files\locks</Filter>
    </ClCompile>
    <ClCompile Include="locks\win32\thread_mutex.c">
      <Filter>Source Files\locks</Filter>
    </ClCompile>
    <ClCompile Include="locks\win32\thread_rwlock.c">
      <Filter>Source Files\locks</Filter>
    </ClCompile>
    <ClCompile Include="memcache\apr_memcache.c">
      <Filter>Source Files\memcache</Filter>
    </ClCompile>
    <ClCompile Include="memory\unix\apr_pools.c">
      <Filter>Source Files\memory</Filter>
    </ClCompile>
    <ClCompile Include="misc\win32\apr_app.c">
      <Filter>Source Files\misc</Filter>
    </ClCompile>
    <ClCompile Include="misc\win32\charset.c">
      <Filter>Source Files\misc</Filter>
    </ClCompile>
    <ClCompile Include="misc\win32\env.c">
      <Filter>Source Files\misc</Filter>
    </ClCompile>
    <ClCompile Include="misc\unix\errorcodes.c">
      <Filter>Source Files\misc</Filter>
    </ClCompile>
    <ClCompile Include="misc\unix\getopt.c">
      <Filter>Source Files\misc</Filter>
    </ClCompile>
    <ClCompile Include="misc\win32\internal.c">
      <Filter>Source Files\misc</Filter>
    </ClCompile>
    <ClCompile Include="misc\win32\misc.c">
      <Filter>Source Files\misc</Filter>
    </ClCompile>
    <ClCompile Include="misc\unix\otherchild.c">
      <Filter>Source Files\misc</Filter>
    </ClCompile>
    <ClCompile Include="misc\win32\rand.c">
      <Filter>Source Files\misc</Filter>
    </ClCompile>
    <ClCompile Include="misc\win32\start.c">
      <Filter>Source Files\misc</Filter>
    </ClCompile>
    <ClCompile Include="misc\win32\utf8.c">
      <Filter>Source Files\misc</Filter>
    </ClCompile>
    <ClCompile Include="misc\unix\version.c">
      <Filter>Source Files\misc</Filter>
    </ClCompile>
    <ClCompile Include="mmap\unix\common.c">
      <Filter>Source Files\mmap</Filter>
    </ClCompile>
    <ClCompile Include="mmap\win32\mmap.c">
      <Filter>Source Files\mmap</Filter>
    </ClCompile>
    <ClCompile Include="network_io\unix\inet_ntop.c">
      <Filter>Source Files\network_io</Filter>
    </ClCompile>
    <ClCompile Include="network_io\unix\inet_pton.c">
      <Filter>Source Files\network_io</Filter>
    </ClCompile>
    <ClCompile Include="network_io\unix\multicast.c">
      <Filter>Source Files\network_io</Filter>
    </ClCompile>
    <ClCompile Include="network_io\win32\sendrecv.c">
      <Filter>Source Files\network_io</Filter>
    </ClCompile>
    <ClCompile Include="network_io\unix\sockaddr.c">
      <Filter>Source Files\network_io</Filter>
    </ClCompile>
    <ClCompile Include="network_io\win32\sockets.c">
      <Filter>Source Files\network_io</Filter>
    </ClCompile>
    <ClCompile Include="network_io\unix\socket_util.c">
      <Filter>Source Files\network_io</Filter>
    </ClCompile>
    <ClCompile Include="network_io\win32\sockopt.c">
      <Filter>Source Files\network_io</Filter>
    </ClCompile>
    <ClCompile Include="passwd\apr_getpass.c">
      <Filter>Source Files\passwd</Filter>
    </ClCompile>
    <ClCompile Include="poll\unix\pollcb.c">
      <Filter>Source Files\poll</Filter>
    </ClCompile>
    <ClCompile Include="poll\unix\pollset.c">
      <Filter>Source Files\poll</Filter>
    </ClCompile>
    <ClCompile Include="poll\unix\poll.c">
      <Filter>Source Files\poll</Filter>
    </ClCompile>
    <ClCompile Include="poll\unix\select.c">
      <Filter>Source Files\poll</Filter>
    </ClCompile>
    <ClCompile Include="poll\unix\wakeup.c">
      <Filter>Source Files\poll</Filter>
    </ClCompile>
    <ClCompile Include="random\unix\apr_random.c">
      <Filter>Source Files\random</Filter>
    </ClCompile>
    <ClCompile Include="random\unix\sha2.c">
      <Filter>Source Files\random</Filter>
    </ClCompile>
    <ClCompile Include="random\unix\sha2_glue.c">
      <Filter>Source Files\random</Filter>
    </ClCompile>
    <ClCompile Include="dbm\sdbm\sdbm.c">
      <Filter>Source Files\sdbm</Filter>
    </ClCompile>
    <ClCompile Include="dbm\sdbm\sdbm_hash.c">
      <Filter>Source Files\sdbm</Filter>
    </ClCompile>
    <ClCompile Include="dbm\sdbm\sdbm_lock.c">
      <Filter>Source Files\sdbm</Filter>
    </ClCompile>
    <ClCompile Include="dbm\sdbm\sdbm_pair.c">
      <Filter>Source Files\sdbm</Filter>
    </ClCompile>
    <ClCompile Include="shmem\win32\shm.c">
      <Filter>Source Files\shmem</Filter>
    </ClCompile>
    <ClCompile Include="strings\apr_cpystrn.c">
      <Filter>Source Files\strings</Filter>
    </ClCompile>
    <ClCompile Include="strings\apr_fnmatch.c">
      <Filter>Source Files\strings</Filter>
    </ClCompile>
    <ClCompile Include="strings\apr_snprintf.c">
      <Filter>Source Files\strings</Filter>
    </ClCompile>
    <ClCompile Include="strings\apr_strings.c">
      <Filter>Source Files\strings</Filter>
    </ClCompile>
    <ClCompile Include="strings\apr_strnatcmp.c">
      <Filter>Source Files\strings</Filter>
    </ClCompile>
    <ClCompile Include="strings\apr_strtok.c">
      <Filter>Source Files\strings</Filter>
    </ClCompile>
    <ClCompile Include="strmatch\apr_strmatch.c">
      <Filter>Source Files\strmatch</Filter>
    </ClCompile>
    <ClCompile Include="tables\apr_hash.c">
      <Filter>Source Files\tables</Filter>
    </ClCompile>
    <ClCompile Include="tables\apr_tables.c">
      <Filter>Source Files\tables</Filter>
    </ClCompile>
    <ClCompile Include="threadproc\win32\proc.c">
      <Filter>Source Files\threadproc</Filter>
    </ClCompile>
    <ClCompile Include="threadproc\win32\signals.c">
      <Filter>Source Files\threadproc</Filter>
    </ClCompile>
    <ClCompile Include="threadproc\win32\thread.c">
      <Filter>Source Files\threadproc</Filter>
    </ClCompile>
    <ClCompile Include="threadproc\win32\threadpriv.c">
      <Filter>Source Files\threadproc</Filter>
    </ClCompile>
    <ClCompile Include="time\win32\time.c">
      <Filter>Source Files\time</Filter>
    </ClCompile>
    <ClCompile Include="time\win32\timestr.c">
      <Filter>Source Files\time</Filter>
    </ClCompile>
    <ClCompile Include="uri\apr_uri.c">
      <Filter>Source Files\uri</Filter>
    </ClCompile>
    <ClCompile Include="user\win32\groupinfo.c">
      <Filter>Source Files\user</Filter>
    </ClCompile>
    <ClCompile Include="user\win32\userinfo.c">
      <Filter>Source Files\user</Filter>
    </ClCompile>
    <ClCompile Include="util-misc\apr_date.c">
      <Filter>Source Files\util-misc</Filter>
    </ClCompile>
    <ClCompile Include="util-misc\apu_dso.c">
      <Filter>Source Files\util-misc</Filter>
    </ClCompile>
    <ClCompile Include="util-misc\apr_queue.c">
      <Filter>Source Files\util-misc</Filter>
    </ClCompile>
    <ClCompile Include="util-misc\apr_reslist.c">
      <Filter>Source Files\util-misc</Filter>
    </ClCompile>
    <ClCompile Include="util-misc\apr_rmm.c">
      <Filter>Source Files\util-misc</Filter>
    </ClCompile>
    <ClCompile Include="util-misc\apr_thread_pool.c">
      <Filter>Source Files\util-misc</Filter>
    </ClCompile>
    <ClCompile Include="xlate\xlate.c">
      <Filter>Source Files\xlate</Filter>
    </ClCompile>
    <ClCompile Include="xml\apr_xml.c">
      <Filter>Source Files\xml</Filter>
    </ClCompile>
    <ClCompile Include="xml\apr_xml_expat.c">
      <Filter>Source Files\xml</Filter>
    </ClCompile>
  </ItemGroup>
  <ItemGroup>
    <ClInclude Include="dbm\sdbm\sdbm_pair.h">
      <Filter>Source Files\sdbm</Filter>
    </ClInclude>
    <ClInclude Include="dbm\sdbm\sdbm_private.h">
      <Filter>Source Files\sdbm</Filter>
    </ClInclude>
    <ClInclude Include="dbm\sdbm\sdbm_tune.h">
      <Filter>Source Files\sdbm</Filter>
    </ClInclude>
    <ClInclude Include="include\arch\win32\apr_arch_atime.h">
      <Filter>Private Header Files</Filter>
    </ClInclude>
    <ClInclude Include="include\arch\win32\apr_arch_dso.h">
      <Filter>Private Header Files</Filter>
    </ClInclude>
    <ClInclude Include="include\arch\win32\apr_arch_file_io.h">
      <Filter>Private Header Files</Filter>
    </ClInclude>
    <ClInclude Include="include\arch\win32\apr_arch_inherit.h">
      <Filter>Private Header Files</Filter>
    </ClInclude>
    <ClInclude Include="include\arch\win32\apr_arch_misc.h">
      <Filter>Private Header Files</Filter>
    </ClInclude>
    <ClInclude Include="include\arch\win32\apr_arch_networkio.h">
      <Filter>Private Header Files</Filter>
    </ClInclude>
    <ClInclude Include="include\arch\win32\apr_arch_thread_mutex.h">
      <Filter>Private Header Files</Filter>
    </ClInclude>
    <ClInclude Include="include\arch\win32\apr_arch_thread_rwlock.h">
      <Filter>Private Header Files</Filter>
    </ClInclude>
    <ClInclude Include="include\arch\win32\apr_arch_threadproc.h">
      <Filter>Private Header Files</Filter>
    </ClInclude>
    <ClInclude Include="include\arch\win32\apr_arch_utf8.h">
      <Filter>Private Header Files</Filter>
    </ClInclude>
    <ClInclude Include="include\arch\win32\apr_private.h">
      <Filter>Private Header Files</Filter>
    </ClInclude>
    <ClInclude Include="include\apr_allocator.h">
      <Filter>Public Header Files</Filter>
    </ClInclude>
    <ClInclude Include="include\apr_atomic.h">
      <Filter>Public Header Files</Filter>
    </ClInclude>
    <ClInclude Include="include\apr_dso.h">
      <Filter>Public Header Files</Filter>
    </ClInclude>
    <ClInclude Include="include\apr_env.h">
      <Filter>Public Header Files</Filter>
    </ClInclude>
    <ClInclude Include="include\apr_errno.h">
      <Filter>Public Header Files</Filter>
    </ClInclude>
    <ClInclude Include="include\apr_file_info.h">
      <Filter>Public Header Files</Filter>
    </ClInclude>
    <ClInclude Include="include\apr_file_io.h">
      <Filter>Public Header Files</Filter>
    </ClInclude>
    <ClInclude Include="include\apr_fnmatch.h">
      <Filter>Public Header Files</Filter>
    </ClInclude>
    <ClInclude Include="include\apr_general.h">
      <Filter>Public Header Files</Filter>
    </ClInclude>
    <ClInclude Include="include\apr_getopt.h">
      <Filter>Public Header Files</Filter>
    </ClInclude>
    <ClInclude Include="include\apr_global_mutex.h">
      <Filter>Public Header Files</Filter>
    </ClInclude>
    <ClInclude Include="include\apr_hash.h">
      <Filter>Public Header Files</Filter>
    </ClInclude>
    <ClInclude Include="include\apr_inherit.h">
      <Filter>Public Header Files</Filter>
    </ClInclude>
    <ClInclude Include="include\apr_lib.h">
      <Filter>Public Header Files</Filter>
    </ClInclude>
    <ClInclude Include="include\apr_mmap.h">
      <Filter>Public Header Files</Filter>
    </ClInclude>
    <ClInclude Include="include\apr_network_io.h">
      <Filter>Public Header Files</Filter>
    </ClInclude>
    <ClInclude Include="include\apr_poll.h">
      <Filter>Public Header Files</Filter>
    </ClInclude>
    <ClInclude Include="include\apr_pools.h">
      <Filter>Public Header Files</Filter>
    </ClInclude>
    <ClInclude Include="include\apr_portable.h">
      <Filter>Public Header Files</Filter>
    </ClInclude>
    <ClInclude Include="include\apr_proc_mutex.h">
      <Filter>Public Header Files</Filter>
    </ClInclude>
    <ClInclude Include="include\apr_random.h">
      <Filter>Public Header Files</Filter>
    </ClInclude>
    <ClInclude Include="include\apr_ring.h">
      <Filter>Public Header Files</Filter>
    </ClInclude>
    <ClInclude Include="include\apr_shm.h">
      <Filter>Public Header Files</Filter>
    </ClInclude>
    <ClInclude Include="include\apr_signal.h">
      <Filter>Public Header Files</Filter>
    </ClInclude>
    <ClInclude Include="include\apr_strings.h">
      <Filter>Public Header Files</Filter>
    </ClInclude>
    <ClInclude Include="include\apr_support.h">
      <Filter>Public Header Files</Filter>
    </ClInclude>
    <ClInclude Include="include\apr_tables.h">
      <Filter>Public Header Files</Filter>
    </ClInclude>
    <ClInclude Include="include\apr_thread_cond.h">
      <Filter>Public Header Files</Filter>
    </ClInclude>
    <ClInclude Include="include\apr_thread_mutex.h">
      <Filter>Public Header Files</Filter>
    </ClInclude>
    <ClInclude Include="include\apr_thread_proc.h">
      <Filter>Public Header Files</Filter>
    </ClInclude>
    <ClInclude Include="include\apr_thread_rwlock.h">
      <Filter>Public Header Files</Filter>
    </ClInclude>
    <ClInclude Include="include\apr_time.h">
      <Filter>Public Header Files</Filter>
    </ClInclude>
    <ClInclude Include="include\apr_user.h">
      <Filter>Public Header Files</Filter>
    </ClInclude>
    <ClInclude Include="include\apr_version.h">
      <Filter>Public Header Files</Filter>
    </ClInclude>
    <ClInclude Include="include\apr_want.h">
      <Filter>Public Header Files</Filter>
    </ClInclude>
    <ClInclude Include="include\apu.h">
      <Filter>Public Header Files</Filter>
    </ClInclude>
  </ItemGroup>
  <ItemGroup>
    <CustomBuild Include="include\apr.h.in">
      <Filter>Public Header Files</Filter>
    </CustomBuild>
    <CustomBuild Include="include\apr.hnw">
      <Filter>Public Header Files</Filter>
    </CustomBuild>
    <CustomBuild Include="include\apr.hw">
      <Filter>Public Header Files</Filter>
    </CustomBuild>
    <CustomBuild Include="include\private\apu_select_dbm.h.in">
      <Filter>Public Header Files</Filter>
    </CustomBuild>
    <CustomBuild Include="include\private\apu_select_dbm.hw">
      <Filter>Public Header Files</Filter>
    </CustomBuild>
    <CustomBuild Include="include\apu_want.h.in">
      <Filter>Public Header Files</Filter>
    </CustomBuild>
    <CustomBuild Include="include\apu_want.hnw">
      <Filter>Public Header Files</Filter>
    </CustomBuild>
    <CustomBuild Include="include\apu_want.hw">
      <Filter>Public Header Files</Filter>
    </CustomBuild>
  </ItemGroup>
</Project>