
Microsoft Visual Studio Solution File, Format Version 11.00
# Visual Studio 2010
Project("{8BC9CEB8-8B4A-11D0-8D11-00A0C91BC942}") = "apr", "apr.vcxproj", "{BE854BF6-4109-D400-83FD-944FE39F219F}"
EndProject
Project("{8BC9CEB8-8B4A-11D0-8D11-00A0C91BC942}") = "aprapp", "build\aprapp.vcxproj", "{96A37416-3556-9DAB-CAAD-8518E91CA8EA}"
	ProjectSection(ProjectDependencies) = postProject
		{2DA7AC90-89CF-DA00-30FC-095A0D94CDAD} = {2DA7AC90-89CF-DA00-30FC-095A0D94CDAD}
	EndProjectSection
EndProject
Project("{8BC9CEB8-8B4A-11D0-8D11-00A0C91BC942}") = "libapr", "libapr.vcxproj", "{34DB5483-8410-2AA7-4893-69E73BC14215}"
EndProject
Project("{8BC9CEB8-8B4A-11D0-8D11-00A0C91BC942}") = "libaprapp", "build\libaprapp.vcxproj", "{9D7BAEAC-CA6B-BE03-346C-0FE5F83BC956}"
	ProjectSection(ProjectDependencies) = postProject
		{3AA326DD-4FB4-36A8-A1A3-05709814712F} = {3AA326DD-4FB4-36A8-A1A3-05709814712F}
	EndProjectSection
EndProject
Project("{8BC9CEB8-8B4A-11D0-8D11-00A0C91BC942}") = "preaprapp", "build\preaprapp.vcxproj", "{2DA7AC90-89CF-DA00-30FC-095A0D94CDAD}"
	ProjectSection(ProjectDependencies) = postProject
		{BE854BF6-4109-D400-83FD-944FE39F219F} = {BE854BF6-4109-D400-83FD-944FE39F219F}
	EndProjectSection
EndProject
Project("{8BC9CEB8-8B4A-11D0-8D11-00A0C91BC942}") = "prelibaprapp", "build\prelibaprapp.vcxproj", "{3AA326DD-4FB4-36A8-A1A3-05709814712F}"
	ProjectSection(ProjectDependencies) = postProject
		{34DB5483-8410-2AA7-4893-69E73BC14215} = {34DB5483-8410-2AA7-4893-69E73BC14215}
	EndProjectSection
EndProject
Project("{8BC9CEB8-8B4A-11D0-8D11-00A0C91BC942}") = "apr_dbd_freetds", "dbd\apr_dbd_freetds.vcxproj", "{6D933D8E-D4E9-0F3F-6468-14749BCF92F9}"
EndProject
Project("{8BC9CEB8-8B4A-11D0-8D11-00A0C91BC942}") = "apr_dbd_mysql", "dbd\apr_dbd_mysql.vcxproj", "{3B23B497-6345-8BEC-7014-D63753A0B7D7}"
EndProject
Project("{8BC9CEB8-8B4A-11D0-8D11-00A0C91BC942}") = "apr_dbd_odbc", "dbd\apr_dbd_odbc.vcxproj", "{85EB1990-6240-8931-7713-2747949E7C60}"
EndProject
Project("{8BC9CEB8-8B4A-11D0-8D11-00A0C91BC942}") = "apr_dbd_oracle", "dbd\apr_dbd_oracle.vcxproj", "{B7B40D62-CFDE-602A-A33C-AFE1A3F8D084}"
EndProject
Project("{8BC9CEB8-8B4A-11D0-8D11-00A0C91BC942}") = "apr_dbd_pgsql", "dbd\apr_dbd_pgsql.vcxproj", "{E384D1F1-E1A5-C31E-9C4B-769CE30BC474}"
EndProject
Project("{8BC9CEB8-8B4A-11D0-8D11-00A0C91BC942}") = "apr_dbd_sqlite2", "dbd\apr_dbd_sqlite2.vcxproj", "{79AA91A6-B88D-E37A-D516-788031DDB867}"
EndProject
Project("{8BC9CEB8-8B4A-11D0-8D11-00A0C91BC942}") = "apr_dbd_sqlite3", "dbd\apr_dbd_sqlite3.vcxproj", "{E1F37302-877D-C862-B459-017752282A28}"
EndProject
Project("{8BC9CEB8-8B4A-11D0-8D11-00A0C91BC942}") = "apr_dbm_db", "dbm\apr_dbm_db.vcxproj", "{36E6F71C-E029-7771-5D3D-5D52C9681B29}"
EndProject
Project("{8BC9CEB8-8B4A-11D0-8D11-00A0C91BC942}") = "apr_dbm_gdbm", "dbm\apr_dbm_gdbm.vcxproj", "{8902DB58-A895-321C-9456-F4F1314DA350}"
EndProject
Global
	GlobalSection(SolutionConfigurationPlatforms) = preSolution
		Debug|Win32 = Debug|Win32
		Debug|x64 = Debug|x64
		Release|Win32 = Release|Win32
		Release|x64 = Release|x64
		Template|Win32 = Template|Win32
		Template|x64 = Template|x64
	EndGlobalSection
	GlobalSection(ProjectConfigurationPlatforms) = postSolution
		{BE854BF6-4109-D400-83FD-944FE39F219F}.Debug|Win32.ActiveCfg = Debug|Win32
		{BE854BF6-4109-D400-83FD-944FE39F219F}.Debug|Win32.Build.0 = Debug|Win32
		{BE854BF6-4109-D400-83FD-944FE39F219F}.Debug|x64.ActiveCfg = Debug|x64
		{BE854BF6-4109-D400-83FD-944FE39F219F}.Debug|x64.Build.0 = Debug|x64
		{BE854BF6-4109-D400-83FD-944FE39F219F}.Release|Win32.ActiveCfg = Release|Win32
		{BE854BF6-4109-D400-83FD-944FE39F219F}.Release|Win32.Build.0 = Release|Win32
		{BE854BF6-4109-D400-83FD-944FE39F219F}.Release|x64.ActiveCfg = Release|x64
		{BE854BF6-4109-D400-83FD-944FE39F219F}.Release|x64.Build.0 = Release|x64
		{BE854BF6-4109-D400-83FD-944FE39F219F}.Template|Win32.ActiveCfg = Release|x64
		{BE854BF6-4109-D400-83FD-944FE39F219F}.Template|x64.ActiveCfg = Release|x64
		{BE854BF6-4109-D400-83FD-944FE39F219F}.Template|x64.Build.0 = Release|x64
		{96A37416-3556-9DAB-CAAD-8518E91CA8EA}.Debug|Win32.ActiveCfg = Debug|Win32
		{96A37416-3556-9DAB-CAAD-8518E91CA8EA}.Debug|Win32.Build.0 = Debug|Win32
		{96A37416-3556-9DAB-CAAD-8518E91CA8EA}.Debug|x64.ActiveCfg = Debug|x64
		{96A37416-3556-9DAB-CAAD-8518E91CA8EA}.Debug|x64.Build.0 = Debug|x64
		{96A37416-3556-9DAB-CAAD-8518E91CA8EA}.Release|Win32.ActiveCfg = Release|Win32
		{96A37416-3556-9DAB-CAAD-8518E91CA8EA}.Release|Win32.Build.0 = Release|Win32
		{96A37416-3556-9DAB-CAAD-8518E91CA8EA}.Release|x64.ActiveCfg = Release|x64
		{96A37416-3556-9DAB-CAAD-8518E91CA8EA}.Release|x64.Build.0 = Release|x64
		{96A37416-3556-9DAB-CAAD-8518E91CA8EA}.Template|Win32.ActiveCfg = Template|Win32
		{96A37416-3556-9DAB-CAAD-8518E91CA8EA}.Template|Win32.Build.0 = Template|Win32
		{96A37416-3556-9DAB-CAAD-8518E91CA8EA}.Template|x64.ActiveCfg = Template|x64
		{96A37416-3556-9DAB-CAAD-8518E91CA8EA}.Template|x64.Build.0 = Template|x64
		{34DB5483-8410-2AA7-4893-69E73BC14215}.Debug|Win32.ActiveCfg = Debug|Win32
		{34DB5483-8410-2AA7-4893-69E73BC14215}.Debug|Win32.Build.0 = Debug|Win32
		{34DB5483-8410-2AA7-4893-69E73BC14215}.Debug|x64.ActiveCfg = Debug|x64
		{34DB5483-8410-2AA7-4893-69E73BC14215}.Debug|x64.Build.0 = Debug|x64
		{34DB5483-8410-2AA7-4893-69E73BC14215}.Release|Win32.ActiveCfg = Release|Win32
		{34DB5483-8410-2AA7-4893-69E73BC14215}.Release|Win32.Build.0 = Release|Win32
		{34DB5483-8410-2AA7-4893-69E73BC14215}.Release|x64.ActiveCfg = Release|x64
		{34DB5483-8410-2AA7-4893-69E73BC14215}.Release|x64.Build.0 = Release|x64
		{34DB5483-8410-2AA7-4893-69E73BC14215}.Template|Win32.ActiveCfg = Template|Win32
		{34DB5483-8410-2AA7-4893-69E73BC14215}.Template|Win32.Build.0 = Template|Win32
		{34DB5483-8410-2AA7-4893-69E73BC14215}.Template|x64.ActiveCfg = Template|x64
		{34DB5483-8410-2AA7-4893-69E73BC14215}.Template|x64.Build.0 = Template|x64
		{9D7BAEAC-CA6B-BE03-346C-0FE5F83BC956}.Debug|Win32.ActiveCfg = Debug|Win32
		{9D7BAEAC-CA6B-BE03-346C-0FE5F83BC956}.Debug|Win32.Build.0 = Debug|Win32
		{9D7BAEAC-CA6B-BE03-346C-0FE5F83BC956}.Debug|x64.ActiveCfg = Debug|x64
		{9D7BAEAC-CA6B-BE03-346C-0FE5F83BC956}.Debug|x64.Build.0 = Debug|x64
		{9D7BAEAC-CA6B-BE03-346C-0FE5F83BC956}.Release|Win32.ActiveCfg = Release|Win32
		{9D7BAEAC-CA6B-BE03-346C-0FE5F83BC956}.Release|Win32.Build.0 = Release|Win32
		{9D7BAEAC-CA6B-BE03-346C-0FE5F83BC956}.Release|x64.ActiveCfg = Release|x64
		{9D7BAEAC-CA6B-BE03-346C-0FE5F83BC956}.Release|x64.Build.0 = Release|x64
		{9D7BAEAC-CA6B-BE03-346C-0FE5F83BC956}.Template|Win32.ActiveCfg = Template|Win32
		{9D7BAEAC-CA6B-BE03-346C-0FE5F83BC956}.Template|Win32.Build.0 = Template|Win32
		{9D7BAEAC-CA6B-BE03-346C-0FE5F83BC956}.Template|x64.ActiveCfg = Template|x64
		{9D7BAEAC-CA6B-BE03-346C-0FE5F83BC956}.Template|x64.Build.0 = Template|x64
		{2DA7AC90-89CF-DA00-30FC-095A0D94CDAD}.Debug|Win32.ActiveCfg = Debug|Win32
		{2DA7AC90-89CF-DA00-30FC-095A0D94CDAD}.Debug|Win32.Build.0 = Debug|Win32
		{2DA7AC90-89CF-DA00-30FC-095A0D94CDAD}.Debug|x64.ActiveCfg = Debug|x64
		{2DA7AC90-89CF-DA00-30FC-095A0D94CDAD}.Debug|x64.Build.0 = Debug|x64
		{2DA7AC90-89CF-DA00-30FC-095A0D94CDAD}.Release|Win32.ActiveCfg = Release|Win32
		{2DA7AC90-89CF-DA00-30FC-095A0D94CDAD}.Release|Win32.Build.0 = Release|Win32
		{2DA7AC90-89CF-DA00-30FC-095A0D94CDAD}.Release|x64.ActiveCfg = Release|x64
		{2DA7AC90-89CF-DA00-30FC-095A0D94CDAD}.Release|x64.Build.0 = Release|x64
		{2DA7AC90-89CF-DA00-30FC-095A0D94CDAD}.Template|Win32.ActiveCfg = Template|Win32
		{2DA7AC90-89CF-DA00-30FC-095A0D94CDAD}.Template|Win32.Build.0 = Template|Win32
		{2DA7AC90-89CF-DA00-30FC-095A0D94CDAD}.Template|x64.ActiveCfg = Template|x64
		{2DA7AC90-89CF-DA00-30FC-095A0D94CDAD}.Template|x64.Build.0 = Template|x64
		{3AA326DD-4FB4-36A8-A1A3-05709814712F}.Debug|Win32.ActiveCfg = Debug|Win32
		{3AA326DD-4FB4-36A8-A1A3-05709814712F}.Debug|Win32.Build.0 = Debug|Win32
		{3AA326DD-4FB4-36A8-A1A3-05709814712F}.Debug|x64.ActiveCfg = Debug|x64
		{3AA326DD-4FB4-36A8-A1A3-05709814712F}.Debug|x64.Build.0 = Debug|x64
		{3AA326DD-4FB4-36A8-A1A3-05709814712F}.Release|Win32.ActiveCfg = Release|Win32
		{3AA326DD-4FB4-36A8-A1A3-05709814712F}.Release|Win32.Build.0 = Release|Win32
		{3AA326DD-4FB4-36A8-A1A3-05709814712F}.Release|x64.ActiveCfg = Release|x64
		{3AA326DD-4FB4-36A8-A1A3-05709814712F}.Release|x64.Build.0 = Release|x64
		{3AA326DD-4FB4-36A8-A1A3-05709814712F}.Template|Win32.ActiveCfg = Template|Win32
		{3AA326DD-4FB4-36A8-A1A3-05709814712F}.Template|Win32.Build.0 = Template|Win32
		{3AA326DD-4FB4-36A8-A1A3-05709814712F}.Template|x64.ActiveCfg = Template|x64
		{3AA326DD-4FB4-36A8-A1A3-05709814712F}.Template|x64.Build.0 = Template|x64
		{6D933D8E-D4E9-0F3F-6468-14749BCF92F9}.Debug|Win32.ActiveCfg = Debug|Win32
		{6D933D8E-D4E9-0F3F-6468-14749BCF92F9}.Debug|x64.ActiveCfg = Debug|x64
		{6D933D8E-D4E9-0F3F-6468-14749BCF92F9}.Release|Win32.ActiveCfg = Release|Win32
		{6D933D8E-D4E9-0F3F-6468-14749BCF92F9}.Release|x64.ActiveCfg = Release|x64
		{6D933D8E-D4E9-0F3F-6468-14749BCF92F9}.Template|Win32.ActiveCfg = Release|x64
		{6D933D8E-D4E9-0F3F-6468-14749BCF92F9}.Template|x64.ActiveCfg = Release|x64
		{6D933D8E-D4E9-0F3F-6468-14749BCF92F9}.Template|x64.Build.0 = Release|x64
		{3B23B497-6345-8BEC-7014-D63753A0B7D7}.Debug|Win32.ActiveCfg = Debug|Win32
		{3B23B497-6345-8BEC-7014-D63753A0B7D7}.Debug|x64.ActiveCfg = Debug|x64
		{3B23B497-6345-8BEC-7014-D63753A0B7D7}.Release|Win32.ActiveCfg = Release|Win32
		{3B23B497-6345-8BEC-7014-D63753A0B7D7}.Release|x64.ActiveCfg = Release|x64
		{3B23B497-6345-8BEC-7014-D63753A0B7D7}.Template|Win32.ActiveCfg = Template|Win32
		{3B23B497-6345-8BEC-7014-D63753A0B7D7}.Template|Win32.Build.0 = Template|Win32
		{3B23B497-6345-8BEC-7014-D63753A0B7D7}.Template|x64.ActiveCfg = Template|x64
		{3B23B497-6345-8BEC-7014-D63753A0B7D7}.Template|x64.Build.0 = Template|x64
		{85EB1990-6240-8931-7713-2747949E7C60}.Debug|Win32.ActiveCfg = Debug|Win32
		{85EB1990-6240-8931-7713-2747949E7C60}.Debug|x64.ActiveCfg = Debug|x64
		{85EB1990-6240-8931-7713-2747949E7C60}.Release|Win32.ActiveCfg = Release|Win32
		{85EB1990-6240-8931-7713-2747949E7C60}.Release|x64.ActiveCfg = Release|x64
		{85EB1990-6240-8931-7713-2747949E7C60}.Template|Win32.ActiveCfg = Template|Win32
		{85EB1990-6240-8931-7713-2747949E7C60}.Template|Win32.Build.0 = Template|Win32
		{85EB1990-6240-8931-7713-2747949E7C60}.Template|x64.ActiveCfg = Template|x64
		{85EB1990-6240-8931-7713-2747949E7C60}.Template|x64.Build.0 = Template|x64
		{B7B40D62-CFDE-602A-A33C-AFE1A3F8D084}.Debug|Win32.ActiveCfg = Debug|Win32
		{B7B40D62-CFDE-602A-A33C-AFE1A3F8D084}.Debug|x64.ActiveCfg = Debug|x64
		{B7B40D62-CFDE-602A-A33C-AFE1A3F8D084}.Release|Win32.ActiveCfg = Release|Win32
		{B7B40D62-CFDE-602A-A33C-AFE1A3F8D084}.Release|x64.ActiveCfg = Release|x64
		{B7B40D62-CFDE-602A-A33C-AFE1A3F8D084}.Template|Win32.ActiveCfg = Template|Win32
		{B7B40D62-CFDE-602A-A33C-AFE1A3F8D084}.Template|Win32.Build.0 = Template|Win32
		{B7B40D62-CFDE-602A-A33C-AFE1A3F8D084}.Template|x64.ActiveCfg = Template|x64
		{B7B40D62-CFDE-602A-A33C-AFE1A3F8D084}.Template|x64.Build.0 = Template|x64
		{E384D1F1-E1A5-C31E-9C4B-769CE30BC474}.Debug|Win32.ActiveCfg = Debug|Win32
		{E384D1F1-E1A5-C31E-9C4B-769CE30BC474}.Debug|x64.ActiveCfg = Debug|x64
		{E384D1F1-E1A5-C31E-9C4B-769CE30BC474}.Release|Win32.ActiveCfg = Release|Win32
		{E384D1F1-E1A5-C31E-9C4B-769CE30BC474}.Release|x64.ActiveCfg = Release|x64
		{E384D1F1-E1A5-C31E-9C4B-769CE30BC474}.Template|Win32.ActiveCfg = Template|Win32
		{E384D1F1-E1A5-C31E-9C4B-769CE30BC474}.Template|Win32.Build.0 = Template|Win32
		{E384D1F1-E1A5-C31E-9C4B-769CE30BC474}.Template|x64.ActiveCfg = Template|x64
		{E384D1F1-E1A5-C31E-9C4B-769CE30BC474}.Template|x64.Build.0 = Template|x64
		{79AA91A6-B88D-E37A-D516-788031DDB867}.Debug|Win32.ActiveCfg = Debug|Win32
		{79AA91A6-B88D-E37A-D516-788031DDB867}.Debug|x64.ActiveCfg = Debug|x64
		{79AA91A6-B88D-E37A-D516-788031DDB867}.Release|Win32.ActiveCfg = Release|Win32
		{79AA91A6-B88D-E37A-D516-788031DDB867}.Release|x64.ActiveCfg = Release|x64
		{79AA91A6-B88D-E37A-D516-788031DDB867}.Template|Win32.ActiveCfg = Template|Win32
		{79AA91A6-B88D-E37A-D516-788031DDB867}.Template|Win32.Build.0 = Template|Win32
		{79AA91A6-B88D-E37A-D516-788031DDB867}.Template|x64.ActiveCfg = Template|x64
		{79AA91A6-B88D-E37A-D516-788031DDB867}.Template|x64.Build.0 = Template|x64
		{E1F37302-877D-C862-B459-017752282A28}.Debug|Win32.ActiveCfg = Debug|Win32
		{E1F37302-877D-C862-B459-017752282A28}.Debug|x64.ActiveCfg = Debug|x64
		{E1F37302-877D-C862-B459-017752282A28}.Release|Win32.ActiveCfg = Release|Win32
		{E1F37302-877D-C862-B459-017752282A28}.Release|x64.ActiveCfg = Release|x64
		{E1F37302-877D-C862-B459-017752282A28}.Template|Win32.ActiveCfg = Template|Win32
		{E1F37302-877D-C862-B459-017752282A28}.Template|Win32.Build.0 = Template|Win32
		{E1F37302-877D-C862-B459-017752282A28}.Template|x64.ActiveCfg = Template|x64
		{E1F37302-877D-C862-B459-017752282A28}.Template|x64.Build.0 = Template|x64
		{36E6F71C-E029-7771-5D3D-5D52C9681B29}.Debug|Win32.ActiveCfg = Debug|Win32
		{36E6F71C-E029-7771-5D3D-5D52C9681B29}.Debug|x64.ActiveCfg = Debug|x64
		{36E6F71C-E029-7771-5D3D-5D52C9681B29}.Release|Win32.ActiveCfg = Release|Win32
		{36E6F71C-E029-7771-5D3D-5D52C9681B29}.Release|x64.ActiveCfg = Release|x64
		{36E6F71C-E029-7771-5D3D-5D52C9681B29}.Template|Win32.ActiveCfg = Template|Win32
		{36E6F71C-E029-7771-5D3D-5D52C9681B29}.Template|Win32.Build.0 = Template|Win32
		{36E6F71C-E029-7771-5D3D-5D52C9681B29}.Template|x64.ActiveCfg = Template|x64
		{36E6F71C-E029-7771-5D3D-5D52C9681B29}.Template|x64.Build.0 = Template|x64
		{8902DB58-A895-321C-9456-F4F1314DA350}.Debug|Win32.ActiveCfg = Debug|Win32
		{8902DB58-A895-321C-9456-F4F1314DA350}.Debug|x64.ActiveCfg = Debug|x64
		{8902DB58-A895-321C-9456-F4F1314DA350}.Release|Win32.ActiveCfg = Release|Win32
		{8902DB58-A895-321C-9456-F4F1314DA350}.Release|x64.ActiveCfg = Release|x64
		{8902DB58-A895-321C-9456-F4F1314DA350}.Template|Win32.ActiveCfg = Template|Win32
		{8902DB58-A895-321C-9456-F4F1314DA350}.Template|Win32.Build.0 = Template|Win32
		{8902DB58-A895-321C-9456-F4F1314DA350}.Template|x64.ActiveCfg = Template|x64
		{8902DB58-A895-321C-9456-F4F1314DA350}.Template|x64.Build.0 = Template|x64
	EndGlobalSection
	GlobalSection(SolutionProperties) = preSolution
		HideSolutionNode = FALSE
	EndGlobalSection
EndGlobal
