<?xml version="1.0" encoding="utf-8"?>
<Project ToolsVersion="4.0" xmlns="http://schemas.microsoft.com/developer/msbuild/2003">
  <ItemGroup>
    <Filter Include="Source Files">
      <UniqueIdentifier>{3f966bc6-2e56-4df7-99b0-df16a267c776}</UniqueIdentifier>
      <Extensions>.c</Extensions>
    </Filter>
    <Filter Include="Source Files\atomic">
      <UniqueIdentifier>{ab4d2f0f-b4af-49bf-93d4-f5d16d2d38b9}</UniqueIdentifier>
    </Filter>
    <Filter Include="Source Files\buckets">
      <UniqueIdentifier>{06748d39-6c8e-47b2-9984-eff6747e18fd}</UniqueIdentifier>
    </Filter>
    <Filter Include="Source Files\crypto">
      <UniqueIdentifier>{2c7a6880-7f2d-43cc-a0b6-dec0c7d8c7be}</UniqueIdentifier>
    </Filter>
    <Filter Include="Source Files\dbd">
      <UniqueIdentifier>{cdc36777-dc3d-46e5-bc91-bbf33e6de9fb}</UniqueIdentifier>
    </Filter>
    <Filter Include="Source Files\dbm">
      <UniqueIdentifier>{a491ee5b-aa12-4b17-8973-797a6df7beaa}</UniqueIdentifier>
    </Filter>
    <Filter Include="Source Files\dso">
      <UniqueIdentifier>{d712d005-f66b-48f1-83e0-415ecffb2929}</UniqueIdentifier>
    </Filter>
    <Filter Include="Source Files\encoding">
      <UniqueIdentifier>{8a602e71-6a25-4221-88b3-3d124405741f}</UniqueIdentifier>
    </Filter>
    <Filter Include="Source Files\file_io">
      <UniqueIdentifier>{a498ffa3-e947-4fb7-b783-02b3947b1615}</UniqueIdentifier>
    </Filter>
    <Filter Include="Source Files\hooks">
      <UniqueIdentifier>{82fa06f0-04d7-4a41-8741-8b46e563bc75}</UniqueIdentifier>
    </Filter>
    <Filter Include="Source Files\ldap">
      <UniqueIdentifier>{6eb3e502-14fe-4394-8562-01c6160c11f7}</UniqueIdentifier>
    </Filter>
    <Filter Include="Source Files\locks">
      <UniqueIdentifier>{d7b99f00-1312-44fb-8602-e585c1b4f6c7}</UniqueIdentifier>
    </Filter>
    <Filter Include="Source Files\memcache">
      <UniqueIdentifier>{35697da5-4173-41af-a7d2-643c8b5ca2e9}</UniqueIdentifier>
    </Filter>
    <Filter Include="Source Files\memory">
      <UniqueIdentifier>{178c857a-9c1d-4ea2-af0b-cba496917e56}</UniqueIdentifier>
    </Filter>
    <Filter Include="Source Files\misc">
      <UniqueIdentifier>{8657b01b-c707-4b01-870f-7957db4fed04}</UniqueIdentifier>
    </Filter>
    <Filter Include="Source Files\mmap">
      <UniqueIdentifier>{99122ae0-64fb-4724-8273-1b09c02b0385}</UniqueIdentifier>
    </Filter>
    <Filter Include="Source Files\network_io">
      <UniqueIdentifier>{a5a58465-3a47-418a-a26d-8143d68933b9}</UniqueIdentifier>
    </Filter>
    <Filter Include="Source Files\passwd">
      <UniqueIdentifier>{0d9b3453-a089-4b72-9a39-a4cc068aa399}</UniqueIdentifier>
    </Filter>
    <Filter Include="Source Files\poll">
      <UniqueIdentifier>{16b0c995-cba0-4d87-8362-9a1ae9fd6ab7}</UniqueIdentifier>
    </Filter>
    <Filter Include="Source Files\random">
      <UniqueIdentifier>{161c1bcd-4741-4d4a-9585-06f94592f92e}</UniqueIdentifier>
    </Filter>
    <Filter Include="Source Files\sdbm">
      <UniqueIdentifier>{f124c24d-5750-42fe-a4bd-a105cbfa84ce}</UniqueIdentifier>
    </Filter>
    <Filter Include="Source Files\shmem">
      <UniqueIdentifier>{b86de1ef-7fdf-4c9b-8850-fb980f677653}</UniqueIdentifier>
    </Filter>
    <Filter Include="Source Files\strings">
      <UniqueIdentifier>{40400c48-9018-4b3a-b74d-4f48131ca164}</UniqueIdentifier>
    </Filter>
    <Filter Include="Source Files\strmatch">
      <UniqueIdentifier>{460f86f7-d4c5-45ce-b46d-d40881de0f46}</UniqueIdentifier>
    </Filter>
    <Filter Include="Source Files\tables">
      <UniqueIdentifier>{0c603939-4982-42f9-9ec7-355e8023b14f}</UniqueIdentifier>
    </Filter>
    <Filter Include="Source Files\threadproc">
      <UniqueIdentifier>{12dee2db-092f-4008-9369-fbfb353f60b0}</UniqueIdentifier>
    </Filter>
    <Filter Include="Source Files\time">
      <UniqueIdentifier>{c1dab793-6d3f-4d5e-ac02-338649e10527}</UniqueIdentifier>
    </Filter>
    <Filter Include="Source Files\uri">
      <UniqueIdentifier>{0f704044-6e0a-415e-b44a-c0094bc88265}</UniqueIdentifier>
    </Filter>
    <Filter Include="Source Files\user">
      <UniqueIdentifier>{6eaf7220-3423-4256-9d72-ec7bf7c44eca}</UniqueIdentifier>
    </Filter>
    <Filter Include="Source Files\util-misc">
      <UniqueIdentifier>{4a0eef5d-6c66-438b-bdf9-427a5fdb637e}</UniqueIdentifier>
    </Filter>
    <Filter Include="Source Files\xlate">
      <UniqueIdentifier>{24f876d2-de96-48e9-9924-921ed2764fe8}</UniqueIdentifier>
    </Filter>
    <Filter Include="Source Files\xml">
      <UniqueIdentifier>{6faddfb2-bcc4-4fd9-8835-ca999c97d1b2}</UniqueIdentifier>
    </Filter>
    <Filter Include="Private Header Files">
      <UniqueIdentifier>{9574607f-df1c-43d5-bbe6-b8944fe84606}</UniqueIdentifier>
    </Filter>
    <Filter Include="Public Header Files">
      <UniqueIdentifier>{849b229f-eace-47de-8eb7-55e65b8cdb66}</UniqueIdentifier>
    </Filter>
  </ItemGroup>
  <ItemGroup>
    <ClCompile Include="atomic\win32\apr_atomic.c">
      <Filter>Source Files\atomic</Filter>
    </ClCompile>
    <ClCompile Include="buckets\apr_brigade.c">
      <Filter>Source Files\buckets</Filter>
    </ClCompile>
    <ClCompile Include="buckets\apr_buckets.c">
      <Filter>Source Files\buckets</Filter>
    </ClCompile>
    <ClCompile Include="buckets\apr_buckets_alloc.c">
      <Filter>Source Files\buckets</Filter>
    </ClCompile>
    <ClCompile Include="buckets\apr_buckets_eos.c">
      <Filter>Source Files\buckets</Filter>
    </ClCompile>
    <ClCompile Include="buckets\apr_buckets_file.c">
      <Filter>Source Files\buckets</Filter>
    </ClCompile>
    <ClCompile Include="buckets\apr_buckets_flush.c">
      <Filter>Source Files\buckets</Filter>
    </ClCompile>
    <ClCompile Include="buckets\apr_buckets_heap.c">
      <Filter>Source Files\buckets</Filter>
    </ClCompile>
    <ClCompile Include="buckets\apr_buckets_mmap.c">
      <Filter>Source Files\buckets</Filter>
    </ClCompile>
    <ClCompile Include="buckets\apr_buckets_pipe.c">
      <Filter>Source Files\buckets</Filter>
    </ClCompile>
    <ClCompile Include="buckets\apr_buckets_pool.c">
      <Filter>Source Files\buckets</Filter>
    </ClCompile>
    <ClCompile Include="buckets\apr_buckets_refcount.c">
      <Filter>Source Files\buckets</Filter>
    </ClCompile>
    <ClCompile Include="buckets\apr_buckets_simple.c">
      <Filter>Source Files\buckets</Filter>
    </ClCompile>
    <ClCompile Include="buckets\apr_buckets_socket.c">
      <Filter>Source Files\buckets</Filter>
    </ClCompile>
    <ClCompile Include="crypto\apr_md4.c">
      <Filter>Source Files\crypto</Filter>
    </ClCompile>
    <ClCompile Include="crypto\apr_md5.c">
      <Filter>Source Files\crypto</Filter>
    </ClCompile>
    <ClCompile Include="crypto\apr_sha1.c">
      <Filter>Source Files\crypto</Filter>
    </ClCompile>
    <ClCompile Include="crypto\getuuid.c">
      <Filter>Source Files\crypto</Filter>
    </ClCompile>
    <ClCompile Include="crypto\uuid.c">
      <Filter>Source Files\crypto</Filter>
    </ClCompile>
    <ClCompile Include="dbd\apr_dbd.c">
      <Filter>Source Files\dbd</Filter>
    </ClCompile>
    <ClCompile Include="dbd\apr_dbd_freetds.c">
      <Filter>Source Files\dbd</Filter>
    </ClCompile>
    <ClCompile Include="dbd\apr_dbd_mysql.c">
      <Filter>Source Files\dbd</Filter>
    </ClCompile>
    <ClCompile Include="dbd\apr_dbd_odbc.c">
      <Filter>Source Files\dbd</Filter>
    </ClCompile>
    <ClCompile Include="dbd\apr_dbd_oracle.c">
      <Filter>Source Files\dbd</Filter>
    </ClCompile>
    <ClCompile Include="dbd\apr_dbd_pgsql.c">
      <Filter>Source Files\dbd</Filter>
    </ClCompile>
    <ClCompile Include="dbd\apr_dbd_sqlite2.c">
      <Filter>Source Files\dbd</Filter>
    </ClCompile>
    <ClCompile Include="dbd\apr_dbd_sqlite3.c">
      <Filter>Source Files\dbd</Filter>
    </ClCompile>
    <ClCompile Include="dbm\apr_dbm.c">
      <Filter>Source Files\dbm</Filter>
    </ClCompile>
    <ClCompile Include="dbm\apr_dbm_berkeleydb.c">
      <Filter>Source Files\dbm</Filter>
    </ClCompile>
    <ClCompile Include="dbm\apr_dbm_gdbm.c">
      <Filter>Source Files\dbm</Filter>
    </ClCompile>
    <ClCompile Include="dbm\apr_dbm_sdbm.c">
      <Filter>Source Files\dbm</Filter>
    </ClCompile>
    <ClCompile Include="dso\win32\dso.c">
      <Filter>Source Files\dso</Filter>
    </ClCompile>
    <ClCompile Include="encoding\apr_base64.c">
      <Filter>Source Files\encoding</Filter>
    </ClCompile>
    <ClCompile Include="file_io\win32\buffer.c">
      <Filter>Source Files\file_io</Filter>
    </ClCompile>
    <ClCompile Include="file_io\unix\copy.c">
      <Filter>Source Files\file_io</Filter>
    </ClCompile>
    <ClCompile Include="file_io\win32\dir.c">
      <Filter>Source Files\file_io</Filter>
    </ClCompile>
    <ClCompile Include="file_io\unix\fileacc.c">
      <Filter>Source Files\file_io</Filter>
    </ClCompile>
    <ClCompile Include="file_io\win32\filedup.c">
      <Filter>Source Files\file_io</Filter>
    </ClCompile>
    <ClCompile Include="file_io\win32\filepath.c">
      <Filter>Source Files\file_io</Filter>
    </ClCompile>
    <ClCompile Include="file_io\unix\filepath_util.c">
      <Filter>Source Files\file_io</Filter>
    </ClCompile>
    <ClCompile Include="file_io\win32\filestat.c">
      <Filter>Source Files\file_io</Filter>
    </ClCompile>
    <ClCompile Include="file_io\win32\filesys.c">
      <Filter>Source Files\file_io</Filter>
    </ClCompile>
    <ClCompile Include="file_io\win32\flock.c">
      <Filter>Source Files\file_io</Filter>
    </ClCompile>
    <ClCompile Include="file_io\unix\fullrw.c">
      <Filter>Source Files\file_io</Filter>
    </ClCompile>
    <ClCompile Include="file_io\unix\mktemp.c">
      <Filter>Source Files\file_io</Filter>
    </ClCompile>
    <ClCompile Include="file_io\win32\open.c">
      <Filter>Source Files\file_io</Filter>
    </ClCompile>
    <ClCompile Include="file_io\win32\pipe.c">
      <Filter>Source Files\file_io</Filter>
    </ClCompile>
    <ClCompile Include="file_io\win32\readwrite.c">
      <Filter>Source Files\file_io</Filter>
    </ClCompile>
    <ClCompile Include="file_io\win32\seek.c">
      <Filter>Source Files\file_io</Filter>
    </ClCompile>
    <ClCompile Include="file_io\unix\tempdir.c">
      <Filter>Source Files\file_io</Filter>
    </ClCompile>
    <ClCompile Include="hooks\apr_hooks.c">
      <Filter>Source Files\hooks</Filter>
    </ClCompile>
    <ClCompile Include="ldap\apr_ldap_init.c">
      <Filter>Source Files\ldap</Filter>
    </ClCompile>
    <ClCompile Include="ldap\apr_ldap_option.c">
      <Filter>Source Files\ldap</Filter>
    </ClCompile>
    <ClCompile Include="ldap\apr_ldap_rebind.c">
      <Filter>Source Files\ldap</Filter>
    </ClCompile>
    <ClCompile Include="ldap\apr_ldap_stub.c">
      <Filter>Source Files\ldap</Filter>
    </ClCompile>
    <ClCompile Include="ldap\apr_ldap_url.c">
      <Filter>Source Files\ldap</Filter>
    </ClCompile>
    <ClCompile Include="locks\win32\proc_mutex.c">
      <Filter>Source Files\locks</Filter>
    </ClCompile>
    <ClCompile Include="locks\win32\thread_cond.c">
      <Filter>Source Files\locks</Filter>
    </ClCompile>
    <ClCompile Include="locks\win32\thread_mutex.c">
      <Filter>Source Files\locks</Filter>
    </ClCompile>
    <ClCompile Include="locks\win32\thread_rwlock.c">
      <Filter>Source Files\locks</Filter>
    </ClCompile>
    <ClCompile Include="memcache\apr_memcache.c">
      <Filter>Source Files\memcache</Filter>
    </ClCompile>
    <ClCompile Include="memory\unix\apr_pools.c">
      <Filter>Source Files\memory</Filter>
    </ClCompile>
    <ClCompile Include="misc\win32\apr_app.c">
      <Filter>Source Files\misc</Filter>
    </ClCompile>
    <ClCompile Include="misc\win32\charset.c">
      <Filter>Source Files\misc</Filter>
    </ClCompile>
    <ClCompile Include="misc\win32\env.c">
      <Filter>Source Files\misc</Filter>
    </ClCompile>
    <ClCompile Include="misc\unix\errorcodes.c">
      <Filter>Source Files\misc</Filter>
    </ClCompile>
    <ClCompile Include="misc\unix\getopt.c">
      <Filter>Source Files\misc</Filter>
    </ClCompile>
    <ClCompile Include="misc\win32\internal.c">
      <Filter>Source Files\misc</Filter>
    </ClCompile>
    <ClCompile Include="misc\win32\misc.c">
      <Filter>Source Files\misc</Filter>
    </ClCompile>
    <ClCompile Include="misc\unix\otherchild.c">
      <Filter>Source Files\misc</Filter>
    </ClCompile>
    <ClCompile Include="misc\win32\rand.c">
      <Filter>Source Files\misc</Filter>
    </ClCompile>
    <ClCompile Include="misc\win32\start.c">
      <Filter>Source Files\misc</Filter>
    </ClCompile>
    <ClCompile Include="misc\win32\utf8.c">
      <Filter>Source Files\misc</Filter>
    </ClCompile>
    <ClCompile Include="misc\unix\version.c">
      <Filter>Source Files\misc</Filter>
    </ClCompile>
    <ClCompile Include="mmap\unix\common.c">
      <Filter>Source Files\mmap</Filter>
    </ClCompile>
    <ClCompile Include="mmap\win32\mmap.c">
      <Filter>Source Files\mmap</Filter>
    </ClCompile>
    <ClCompile Include="network_io\unix\inet_ntop.c">
      <Filter>Source Files\network_io</Filter>
    </ClCompile>
    <ClCompile Include="network_io\unix\inet_pton.c">
      <Filter>Source Files\network_io</Filter>
    </ClCompile>
    <ClCompile Include="network_io\unix\multicast.c">
      <Filter>Source Files\network_io</Filter>
    </ClCompile>
    <ClCompile Include="network_io\win32\sendrecv.c">
      <Filter>Source Files\network_io</Filter>
    </ClCompile>
    <ClCompile Include="network_io\unix\sockaddr.c">
      <Filter>Source Files\network_io</Filter>
    </ClCompile>
    <ClCompile Include="network_io\win32\sockets.c">
      <Filter>Source Files\network_io</Filter>
    </ClCompile>
    <ClCompile Include="network_io\unix\socket_util.c">
      <Filter>Source Files\network_io</Filter>
    </ClCompile>
    <ClCompile Include="network_io\win32\sockopt.c">
      <Filter>Source Files\network_io</Filter>
    </ClCompile>
    <ClCompile Include="passwd\apr_getpass.c">
      <Filter>Source Files\passwd</Filter>
    </ClCompile>
    <ClCompile Include="poll\unix\pollcb.c">
      <Filter>Source Files\poll</Filter>
    </ClCompile>
    <ClCompile Include="poll\unix\pollset.c">
      <Filter>Source Files\poll</Filter>
    </ClCompile>
    <ClCompile Include="poll\unix\poll.c">
      <Filter>Source Files\poll</Filter>
    </ClCompile>
    <ClCompile Include="poll\unix\select.c">
      <Filter>Source Files\poll</Filter>
    </ClCompile>
    <ClCompile Include="poll\unix\wakeup.c">
      <Filter>Source Files\poll</Filter>
    </ClCompile>
    <ClCompile Include="random\unix\apr_random.c">
      <Filter>Source Files\random</Filter>
    </ClCompile>
    <ClCompile Include="random\unix\sha2.c">
      <Filter>Source Files\random</Filter>
    </ClCompile>
    <ClCompile Include="random\unix\sha2_glue.c">
      <Filter>Source Files\random</Filter>
    </ClCompile>
    <ClCompile Include="dbm\sdbm\sdbm.c">
      <Filter>Source Files\sdbm</Filter>
    </ClCompile>
    <ClCompile Include="dbm\sdbm\sdbm_hash.c">
      <Filter>Source Files\sdbm</Filter>
    </ClCompile>
    <ClCompile Include="dbm\sdbm\sdbm_lock.c">
      <Filter>Source Files\sdbm</Filter>
    </ClCompile>
    <ClCompile Include="dbm\sdbm\sdbm_pair.c">
      <Filter>Source Files\sdbm</Filter>
    </ClCompile>
    <ClCompile Include="shmem\win32\shm.c">
      <Filter>Source Files\shmem</Filter>
    </ClCompile>
    <ClCompile Include="strings\apr_cpystrn.c">
      <Filter>Source Files\strings</Filter>
    </ClCompile>
    <ClCompile Include="strings\apr_fnmatch.c">
      <Filter>Source Files\strings</Filter>
    </ClCompile>
    <ClCompile Include="strings\apr_snprintf.c">
      <Filter>Source Files\strings</Filter>
    </ClCompile>
    <ClCompile Include="strings\apr_strings.c">
      <Filter>Source Files\strings</Filter>
    </ClCompile>
    <ClCompile Include="strings\apr_strnatcmp.c">
      <Filter>Source Files\strings</Filter>
    </ClCompile>
    <ClCompile Include="strings\apr_strtok.c">
      <Filter>Source Files\strings</Filter>
    </ClCompile>
    <ClCompile Include="strmatch\apr_strmatch.c">
      <Filter>Source Files\strmatch</Filter>
    </ClCompile>
    <ClCompile Include="tables\apr_hash.c">
      <Filter>Source Files\tables</Filter>
    </ClCompile>
    <ClCompile Include="tables\apr_tables.c">
      <Filter>Source Files\tables</Filter>
    </ClCompile>
    <ClCompile Include="threadproc\win32\proc.c">
      <Filter>Source Files\threadproc</Filter>
    </ClCompile>
    <ClCompile Include="threadproc\win32\signals.c">
      <Filter>Source Files\threadproc</Filter>
    </ClCompile>
    <ClCompile Include="threadproc\win32\thread.c">
      <Filter>Source Files\threadproc</Filter>
    </ClCompile>
    <ClCompile Include="threadproc\win32\threadpriv.c">
      <Filter>Source Files\threadproc</Filter>
    </ClCompile>
    <ClCompile Include="time\win32\time.c">
      <Filter>Source Files\time</Filter>
    </ClCompile>
    <ClCompile Include="time\win32\timestr.c">
      <Filter>Source Files\time</Filter>
    </ClCompile>
    <ClCompile Include="uri\apr_uri.c">
      <Filter>Source Files\uri</Filter>
    </ClCompile>
    <ClCompile Include="user\win32\groupinfo.c">
      <Filter>Source Files\user</Filter>
    </ClCompile>
    <ClCompile Include="user\win32\userinfo.c">
      <Filter>Source Files\user</Filter>
    </ClCompile>
    <ClCompile Include="util-misc\apr_date.c">
      <Filter>Source Files\util-misc</Filter>
    </ClCompile>
    <ClCompile Include="util-misc\apu_dso.c">
      <Filter>Source Files\util-misc</Filter>
    </ClCompile>
    <ClCompile Include="util-misc\apr_queue.c">
      <Filter>Source Files\util-misc</Filter>
    </ClCompile>
    <ClCompile Include="util-misc\apr_reslist.c">
      <Filter>Source Files\util-misc</Filter>
    </ClCompile>
    <ClCompile Include="util-misc\apr_rmm.c">
      <Filter>Source Files\util-misc</Filter>
    </ClCompile>
    <ClCompile Include="util-misc\apr_thread_pool.c">
      <Filter>Source Files\util-misc</Filter>
    </ClCompile>
    <ClCompile Include="xlate\xlate.c">
      <Filter>Source Files\xlate</Filter>
    </ClCompile>
    <ClCompile Include="xml\apr_xml.c">
      <Filter>Source Files\xml</Filter>
    </ClCompile>
    <ClCompile Include="xml\apr_xml_expat.c">
      <Filter>Source Files\xml</Filter>
    </ClCompile>
  </ItemGroup>
  <ItemGroup>
    <ClInclude Include="dbm\sdbm\sdbm_pair.h">
      <Filter>Source Files\sdbm</Filter>
    </ClInclude>
    <ClInclude Include="dbm\sdbm\sdbm_private.h">
      <Filter>Source Files\sdbm</Filter>
    </ClInclude>
    <ClInclude Include="dbm\sdbm\sdbm_tune.h">
      <Filter>Source Files\sdbm</Filter>
    </ClInclude>
    <ClInclude Include="include\arch\win32\apr_arch_atime.h">
      <Filter>Private Header Files</Filter>
    </ClInclude>
    <ClInclude Include="include\arch\win32\apr_arch_dso.h">
      <Filter>Private Header Files</Filter>
    </ClInclude>
    <ClInclude Include="include\arch\win32\apr_arch_file_io.h">
      <Filter>Private Header Files</Filter>
    </ClInclude>
    <ClInclude Include="include\arch\win32\apr_arch_inherit.h">
      <Filter>Private Header Files</Filter>
    </ClInclude>
    <ClInclude Include="include\arch\win32\apr_arch_misc.h">
      <Filter>Private Header Files</Filter>
    </ClInclude>
    <ClInclude Include="include\arch\win32\apr_arch_networkio.h">
      <Filter>Private Header Files</Filter>
    </ClInclude>
    <ClInclude Include="include\arch\win32\apr_arch_thread_mutex.h">
      <Filter>Private Header Files</Filter>
    </ClInclude>
    <ClInclude Include="include\arch\win32\apr_arch_thread_rwlock.h">
      <Filter>Private Header Files</Filter>
    </ClInclude>
    <ClInclude Include="include\arch\win32\apr_arch_threadproc.h">
      <Filter>Private Header Files</Filter>
    </ClInclude>
    <ClInclude Include="include\arch\win32\apr_arch_utf8.h">
      <Filter>Private Header Files</Filter>
    </ClInclude>
    <ClInclude Include="include\arch\win32\apr_private.h">
      <Filter>Private Header Files</Filter>
    </ClInclude>
    <ClInclude Include="include\apr_allocator.h">
      <Filter>Public Header Files</Filter>
    </ClInclude>
    <ClInclude Include="include\apr_atomic.h">
      <Filter>Public Header Files</Filter>
    </ClInclude>
    <ClInclude Include="include\apr_dso.h">
      <Filter>Public Header Files</Filter>
    </ClInclude>
    <ClInclude Include="include\apr_env.h">
      <Filter>Public Header Files</Filter>
    </ClInclude>
    <ClInclude Include="include\apr_errno.h">
      <Filter>Public Header Files</Filter>
    </ClInclude>
    <ClInclude Include="include\apr_file_info.h">
      <Filter>Public Header Files</Filter>
    </ClInclude>
    <ClInclude Include="include\apr_file_io.h">
      <Filter>Public Header Files</Filter>
    </ClInclude>
    <ClInclude Include="include\apr_fnmatch.h">
      <Filter>Public Header Files</Filter>
    </ClInclude>
    <ClInclude Include="include\apr_general.h">
      <Filter>Public Header Files</Filter>
    </ClInclude>
    <ClInclude Include="include\apr_getopt.h">
      <Filter>Public Header Files</Filter>
    </ClInclude>
    <ClInclude Include="include\apr_global_mutex.h">
      <Filter>Public Header Files</Filter>
    </ClInclude>
    <ClInclude Include="include\apr_hash.h">
      <Filter>Public Header Files</Filter>
    </ClInclude>
    <ClInclude Include="include\apr_inherit.h">
      <Filter>Public Header Files</Filter>
    </ClInclude>
    <ClInclude Include="include\apr_lib.h">
      <Filter>Public Header Files</Filter>
    </ClInclude>
    <ClInclude Include="include\apr_mmap.h">
      <Filter>Public Header Files</Filter>
    </ClInclude>
    <ClInclude Include="include\apr_network_io.h">
      <Filter>Public Header Files</Filter>
    </ClInclude>
    <ClInclude Include="include\apr_poll.h">
      <Filter>Public Header Files</Filter>
    </ClInclude>
    <ClInclude Include="include\apr_pools.h">
      <Filter>Public Header Files</Filter>
    </ClInclude>
    <ClInclude Include="include\apr_portable.h">
      <Filter>Public Header Files</Filter>
    </ClInclude>
    <ClInclude Include="include\apr_proc_mutex.h">
      <Filter>Public Header Files</Filter>
    </ClInclude>
    <ClInclude Include="include\apr_random.h">
      <Filter>Public Header Files</Filter>
    </ClInclude>
    <ClInclude Include="include\apr_ring.h">
      <Filter>Public Header Files</Filter>
    </ClInclude>
    <ClInclude Include="include\apr_shm.h">
      <Filter>Public Header Files</Filter>
    </ClInclude>
    <ClInclude Include="include\apr_signal.h">
      <Filter>Public Header Files</Filter>
    </ClInclude>
    <ClInclude Include="include\apr_strings.h">
      <Filter>Public Header Files</Filter>
    </ClInclude>
    <ClInclude Include="include\apr_support.h">
      <Filter>Public Header Files</Filter>
    </ClInclude>
    <ClInclude Include="include\apr_tables.h">
      <Filter>Public Header Files</Filter>
    </ClInclude>
    <ClInclude Include="include\apr_thread_cond.h">
      <Filter>Public Header Files</Filter>
    </ClInclude>
    <ClInclude Include="include\apr_thread_mutex.h">
      <Filter>Public Header Files</Filter>
    </ClInclude>
    <ClInclude Include="include\apr_thread_proc.h">
      <Filter>Public Header Files</Filter>
    </ClInclude>
    <ClInclude Include="include\apr_thread_rwlock.h">
      <Filter>Public Header Files</Filter>
    </ClInclude>
    <ClInclude Include="include\apr_time.h">
      <Filter>Public Header Files</Filter>
    </ClInclude>
    <ClInclude Include="include\apr_user.h">
      <Filter>Public Header Files</Filter>
    </ClInclude>
    <ClInclude Include="include\apr_version.h">
      <Filter>Public Header Files</Filter>
    </ClInclude>
    <ClInclude Include="include\apr_want.h">
      <Filter>Public Header Files</Filter>
    </ClInclude>
    <ClInclude Include="include\apu.h">
      <Filter>Public Header Files</Filter>
    </ClInclude>
  </ItemGroup>
  <ItemGroup>
    <ResourceCompile Include="libapr.rc" />
  </ItemGroup>
  <ItemGroup>
    <CustomBuild Include="include\apr.h.in">
      <Filter>Public Header Files</Filter>
    </CustomBuild>
    <CustomBuild Include="include\apr.hnw">
      <Filter>Public Header Files</Filter>
    </CustomBuild>
    <CustomBuild Include="include\apr.hw">
      <Filter>Public Header Files</Filter>
    </CustomBuild>
    <CustomBuild Include="include\apr_ldap.h.in">
      <Filter>Public Header Files</Filter>
    </CustomBuild>
    <CustomBuild Include="include\apr_ldap.hnw">
      <Filter>Public Header Files</Filter>
    </CustomBuild>
    <CustomBuild Include="include\apr_ldap.hw">
      <Filter>Public Header Files</Filter>
    </CustomBuild>
    <CustomBuild Include="include\private\apu_select_dbm.h.in">
      <Filter>Public Header Files</Filter>
    </CustomBuild>
    <CustomBuild Include="include\private\apu_select_dbm.hw">
      <Filter>Public Header Files</Filter>
    </CustomBuild>
    <CustomBuild Include="include\apu_want.h.in">
      <Filter>Public Header Files</Filter>
    </CustomBuild>
    <CustomBuild Include="include\apu_want.hnw">
      <Filter>Public Header Files</Filter>
    </CustomBuild>
    <CustomBuild Include="include\apu_want.hw">
      <Filter>Public Header Files</Filter>
    </CustomBuild>
  </ItemGroup>
</Project>