<?xml version="1.0" encoding="utf-8"?>
<Project ToolsVersion="4.0" xmlns="http://schemas.microsoft.com/developer/msbuild/2003">
  <ItemGroup>
    <Filter Include="Source Files">
      <UniqueIdentifier>{689b43d7-3bb5-4e31-8513-acddec75769c}</UniqueIdentifier>
    </Filter>
    <Filter Include="Public Header Files">
      <UniqueIdentifier>{a9674f4d-a64c-4648-86f1-e55ad7d2f804}</UniqueIdentifier>
    </Filter>
    <Filter Include="Internal Header Files">
      <UniqueIdentifier>{45314dcc-fd27-4f82-878d-d5931193c414}</UniqueIdentifier>
    </Filter>
  </ItemGroup>
  <ItemGroup>
    <ClCompile Include="apr_dbd_mysql.c">
      <Filter>Source Files</Filter>
    </ClCompile>
  </ItemGroup>
  <ItemGroup>
    <ClInclude Include="..\include\apr_dbd.h">
      <Filter>Public Header Files</Filter>
    </ClInclude>
    <ClInclude Include="..\include\private\apu_config.h">
      <Filter>Internal Header Files</Filter>
    </ClInclude>
    <ClInclude Include="..\include\private\apu_dbd_internal.h">
      <Filter>Internal Header Files</Filter>
    </ClInclude>
    <ClInclude Include="..\include\private\apu_internal.h">
      <Filter>Internal Header Files</Filter>
    </ClInclude>
  </ItemGroup>
  <ItemGroup>
    <ResourceCompile Include="..\libapr.rc" />
  </ItemGroup>
</Project>